
Microsoft Visual Studio Solution File, Format Version 12.00
# Visual Studio Version 17
VisualStudioVersion = 17.3.32901.215
MinimumVisualStudioVersion = 10.0.40219.1
Project("{FAE04EC0-301F-11D3-BF4B-00C04F79EFBC}") = "Pharmacy Information Management System", "Pharmacy Information Management System\Pharmacy Information Management System.csproj", "{83F10984-D41E-4BB5-959B-43C8B889758B}"
EndProject
Project("{2150E333-8FDC-42A3-9474-1A3956D46DE8}") = "Modules", "Modules", "{2394DB74-086F-4DA4-8EC0-DD3A0DBBA599}"
EndProject
Project("{2150E333-8FDC-42A3-9474-1A3956D46DE8}") = "Inventory", "Inventory", "{3B23591C-50EF-4702-A475-2525236DF305}"
EndProject
Project("{FAE04EC0-301F-11D3-BF4B-00C04F79EFBC}") = "Module.Inventory", "Module.Inventory\Module.Inventory.csproj", "{FCFA4982-8AB1-4533-B886-F424C1A1C9DD}"
EndProject
Global
	GlobalSection(SolutionConfigurationPlatforms) = preSolution
		Debug|Any CPU = Debug|Any CPU
		Release|Any CPU = Release|Any CPU
	EndGlobalSection
	GlobalSection(ProjectConfigurationPlatforms) = postSolution
		{83F10984-D41E-4BB5-959B-43C8B889758B}.Debug|Any CPU.ActiveCfg = Debug|Any CPU
		{83F10984-D41E-4BB5-959B-43C8B889758B}.Debug|Any CPU.Build.0 = Debug|Any CPU
		{83F10984-D41E-4BB5-959B-43C8B889758B}.Release|Any CPU.ActiveCfg = Release|Any CPU
		{83F10984-D41E-4BB5-959B-43C8B889758B}.Release|Any CPU.Build.0 = Release|Any CPU
		{FCFA4982-8AB1-4533-B886-F424C1A1C9DD}.Debug|Any CPU.ActiveCfg = Debug|Any CPU
		{FCFA4982-8AB1-4533-B886-F424C1A1C9DD}.Debug|Any CPU.Build.0 = Debug|Any CPU
		{FCFA4982-8AB1-4533-B886-F424C1A1C9DD}.Release|Any CPU.ActiveCfg = Release|Any CPU
		{FCFA4982-8AB1-4533-B886-F424C1A1C9DD}.Release|Any CPU.Build.0 = Release|Any CPU
	EndGlobalSection
	GlobalSection(SolutionProperties) = preSolution
		HideSolutionNode = FALSE
	EndGlobalSection
	GlobalSection(NestedProjects) = preSolution
		{3B23591C-50EF-4702-A475-2525236DF305} = {2394DB74-086F-4DA4-8EC0-DD3A0DBBA599}
		{FCFA4982-8AB1-4533-B886-F424C1A1C9DD} = {3B23591C-50EF-4702-A475-2525236DF305}
	EndGlobalSection
	GlobalSection(ExtensibilityGlobals) = postSolution
		SolutionGuid = {873F6D89-F621-4A6E-B505-675D2660B05E}
	EndGlobalSection
EndGlobal
